<Solution>
  <Folder Name="/Itens de Solução/">
    <File Path="bancodeitens-v3Dockerfile." />
    <File Path="NuGet.config" />
    <File Path="src/BancoItens.Api/.gitignore" />
  </Folder>
  <Project Path="src/BancoItens.Api/BancoItens.Api.csproj" />
  <Project Path="src/BancoItens.Application/BancoItens.Application.csproj" />
  <Project Path="src/BancoItens.Domain/BancoItens.Domain.csproj" />
  <Project Path="src/BancoItens.Infrastructure/BancoItens.Infrastructure.csproj" />
</Solution>
